# This file is automatically @generated by Cargo.
# It is not intended for manual editing.
version = 3

[[package]]
name = "aho-corasick"
version = "1.0.5"
source = "registry+https://github.com/rust-lang/crates.io-index"
checksum = "0c378d78423fdad8089616f827526ee33c19f2fddbd5de1629152c9593ba4783"
dependencies = [
 "memchr",
]

[[package]]
name = "annotate-snippets"
version = "0.9.1"
source = "registry+https://github.com/rust-lang/crates.io-index"
checksum = "c3b9d411ecbaf79885c6df4d75fff75858d5995ff25385657a28af47e82f9c36"
dependencies = [
 "unicode-width",
 "yansi-term",
]

[[package]]
name = "convert_case"
version = "0.4.0"
source = "registry+https://github.com/rust-lang/crates.io-index"
checksum = "6245d59a3e82a7fc217c5828a6692dbc6dfb63a0c8c90495621f7b9d79704a0e"

[[package]]
name = "derive_more"
version = "0.99.17"
source = "registry+https://github.com/rust-lang/crates.io-index"
checksum = "4fb810d30a7c1953f91334de7244731fc3f3c10d7fe163338a35b9f640960321"
dependencies = [
 "convert_case",
 "proc-macro2",
 "quote",
 "rustc_version",
 "syn 1.0.109",
]

[[package]]
name = "dtoa"
version = "1.0.9"
source = "registry+https://github.com/rust-lang/crates.io-index"
checksum = "dcbb2bf8e87535c23f7a8a321e364ce21462d0ff10cb6407820e8e96dfff6653"

[[package]]
name = "itoa"
version = "1.0.9"
source = "registry+https://github.com/rust-lang/crates.io-index"
checksum = "af150ab688ff2122fcef229be89cb50dd66af9e01a4ff320cc137eecc9bacc38"

[[package]]
name = "memchr"
version = "2.6.3"
source = "registry+https://github.com/rust-lang/crates.io-index"
checksum = "8f232d6ef707e1956a43342693d2a31e72989554d58299d7a88738cc95b0d35c"

[[package]]
name = "prettyplease"
version = "0.1.25"
source = "registry+https://github.com/rust-lang/crates.io-index"
checksum = "6c8646e95016a7a6c4adea95bafa8a16baab64b583356217f2c85db4a39d9a86"
dependencies = [
 "proc-macro2",
 "syn 1.0.109",
]

[[package]]
name = "proc-macro2"
version = "1.0.66"
source = "registry+https://github.com/rust-lang/crates.io-index"
checksum = "18fb31db3f9bddb2ea821cde30a9f70117e3f119938b5ee630b7403aa6e2ead9"
dependencies = [
 "unicode-ident",
]

[[package]]
name = "quote"
version = "1.0.33"
source = "registry+https://github.com/rust-lang/crates.io-index"
checksum = "5267fca4496028628a95160fc423a33e8b2e6af8a5302579e322e4b520293cae"
dependencies = [
 "proc-macro2",
]

[[package]]
name = "regex"
version = "1.9.5"
source = "registry+https://github.com/rust-lang/crates.io-index"
checksum = "697061221ea1b4a94a624f67d0ae2bfe4e22b8a17b6a192afb11046542cc8c47"
dependencies = [
 "aho-corasick",
 "memchr",
 "regex-automata",
 "regex-syntax",
]

[[package]]
name = "regex-automata"
version = "0.3.8"
source = "registry+https://github.com/rust-lang/crates.io-index"
checksum = "c2f401f4955220693b56f8ec66ee9c78abffd8d1c4f23dc41a23839eb88f0795"
dependencies = [
 "aho-corasick",
 "memchr",
 "regex-syntax",
]

[[package]]
name = "regex-syntax"
version = "0.7.5"
source = "registry+https://github.com/rust-lang/crates.io-index"
checksum = "dbb5fb1acd8a1a18b3dd5be62d25485eb770e05afb408a9627d14d451bae12da"

[[package]]
name = "rustc_version"
version = "0.4.0"
source = "registry+https://github.com/rust-lang/crates.io-index"
checksum = "bfa0f585226d2e68097d4f95d113b15b83a82e819ab25717ec0590d9584ef366"
dependencies = [
 "semver",
]

[[package]]
name = "semver"
version = "1.0.18"
source = "registry+https://github.com/rust-lang/crates.io-index"
checksum = "b0293b4b29daaf487284529cc2f5675b8e57c61f70167ba415a463651fd6a918"

[[package]]
name = "serde"
version = "1.0.188"
source = "registry+https://github.com/rust-lang/crates.io-index"
checksum = "cf9e0fcba69a370eed61bcf2b728575f726b50b55cba78064753d708ddc7549e"
dependencies = [
 "serde_derive",
]

[[package]]
name = "serde_derive"
version = "1.0.188"
source = "registry+https://github.com/rust-lang/crates.io-index"
checksum = "4eca7ac642d82aa35b60049a6eccb4be6be75e599bd2e9adb5f875a737654af2"
dependencies = [
 "proc-macro2",
 "quote",
 "syn 2.0.31",
]

[[package]]
name = "statik"
version = "0.1.0"
dependencies = [
 "yarte",
]

[[package]]
name = "syn"
version = "1.0.109"
source = "registry+https://github.com/rust-lang/crates.io-index"
checksum = "72b64191b275b66ffe2469e8af2c1cfe3bafa67b529ead792a6d0160888b4237"
dependencies = [
 "proc-macro2",
 "quote",
 "unicode-ident",
]

[[package]]
name = "syn"
version = "2.0.31"
source = "registry+https://github.com/rust-lang/crates.io-index"
checksum = "718fa2415bcb8d8bd775917a1bf12a7931b6dfa890753378538118181e0cb398"
dependencies = [
 "proc-macro2",
 "quote",
 "unicode-ident",
]

[[package]]
name = "toml"
version = "0.5.11"
source = "registry+https://github.com/rust-lang/crates.io-index"
checksum = "f4f7f0dd8d50a853a531c426359045b1998f04219d88799810762cd4ad314234"
dependencies = [
 "serde",
]

[[package]]
name = "unicode-ident"
version = "1.0.11"
source = "registry+https://github.com/rust-lang/crates.io-index"
checksum = "301abaae475aa91687eb82514b328ab47a211a533026cb25fc3e519b86adfc3c"

[[package]]
name = "unicode-width"
version = "0.1.10"
source = "registry+https://github.com/rust-lang/crates.io-index"
checksum = "c0edd1e5b14653f783770bce4a4dabb4a5108a5370a5f5d8cfe8710c361f6c8b"

[[package]]
name = "unicode-xid"
version = "0.2.4"
source = "registry+https://github.com/rust-lang/crates.io-index"
checksum = "f962df74c8c05a667b5ee8bcf162993134c104e96440b663c8daa176dc772d8c"

[[package]]
name = "v_eval"
version = "0.6.0"
source = "registry+https://github.com/rust-lang/crates.io-index"
checksum = "0dd8b599d797eb038d0dde9a3860aacb6bbba3bffa4ac64f807c8673820cc9d9"
dependencies = [
 "regex",
 "syn 1.0.109",
]

[[package]]
name = "v_htmlescape"
version = "0.15.8"
source = "registry+https://github.com/rust-lang/crates.io-index"
checksum = "4e8257fbc510f0a46eb602c10215901938b5c2a7d5e70fc11483b1d3c9b5b18c"

[[package]]
name = "winapi"
version = "0.3.9"
source = "registry+https://github.com/rust-lang/crates.io-index"
checksum = "5c839a674fcd7a98952e593242ea400abe93992746761e38641405d28b00f419"
dependencies = [
 "winapi-i686-pc-windows-gnu",
 "winapi-x86_64-pc-windows-gnu",
]

[[package]]
name = "winapi-i686-pc-windows-gnu"
version = "0.4.0"
source = "registry+https://github.com/rust-lang/crates.io-index"
checksum = "ac3b87c63620426dd9b991e5ce0329eff545bccbbb34f3be09ff6fb6ab51b7b6"

[[package]]
name = "winapi-x86_64-pc-windows-gnu"
version = "0.4.0"
source = "registry+https://github.com/rust-lang/crates.io-index"
checksum = "712e227841d057c1ee1cd2fb22fa7e5a5461ae8e48fa2ca79ec42cfc1931183f"

[[package]]
name = "yansi-term"
version = "0.1.2"
source = "registry+https://github.com/rust-lang/crates.io-index"
checksum = "fe5c30ade05e61656247b2e334a031dfd0cc466fadef865bdcdea8d537951bf1"
dependencies = [
 "winapi",
]

[[package]]
name = "yarte"
version = "0.15.7"
source = "registry+https://github.com/rust-lang/crates.io-index"
checksum = "dfce1df93f3b16e5272221a559e60bbbaaa71dbc042a43996d223e51a690aab2"
dependencies = [
 "yarte_derive",
 "yarte_helpers",
]

[[package]]
name = "yarte_codegen"
version = "0.15.7"
source = "registry+https://github.com/rust-lang/crates.io-index"
checksum = "4a79312078b97a195de91a8c1457c2e0d7abd97e6e605f3cdeb01b3c105d2cff"
dependencies = [
 "proc-macro2",
 "quote",
 "syn 1.0.109",
 "yarte_helpers",
 "yarte_hir",
]

[[package]]
name = "yarte_derive"
version = "0.15.6"
source = "registry+https://github.com/rust-lang/crates.io-index"
checksum = "b296edd7e1a81717b6f794baa2de8dfe89646050847161550b2d963b3ca6fe80"
dependencies = [
 "proc-macro2",
 "quote",
 "syn 1.0.109",
 "yarte_codegen",
 "yarte_helpers",
 "yarte_hir",
 "yarte_parser",
]

[[package]]
name = "yarte_helpers"
version = "0.15.8"
source = "registry+https://github.com/rust-lang/crates.io-index"
checksum = "e0d1076f8cee9541ea5ffbecd9102f751252c91f085e7d30a18a3ce805ebd3ee"
dependencies = [
 "dtoa",
 "itoa",
 "prettyplease",
 "serde",
 "syn 1.0.109",
 "toml",
 "v_htmlescape",
]

[[package]]
name = "yarte_hir"
version = "0.15.6"
source = "registry+https://github.com/rust-lang/crates.io-index"
checksum = "dee42d2f704a3b1d8bc111d47a705d1302a0943d85e4c230f4e8300ee0dde4a6"
dependencies = [
 "derive_more",
 "proc-macro2",
 "quote",
 "syn 1.0.109",
 "v_eval",
 "v_htmlescape",
 "yarte_helpers",
 "yarte_parser",
]

[[package]]
name = "yarte_parser"
version = "0.15.2"
source = "registry+https://github.com/rust-lang/crates.io-index"
checksum = "538f72049cf7104e12d5c444048d112cb8fc788a31308afd912442a381ba860c"
dependencies = [
 "annotate-snippets",
 "derive_more",
 "proc-macro2",
 "quote",
 "serde",
 "syn 1.0.109",
 "unicode-xid",
 "yarte_helpers",
]
